
Microsoft Visual Studio Solution File, Format Version 12.00
# Visual Studio 15
VisualStudioVersion = 15.0.26228.10
MinimumVisualStudioVersion = 10.0.40219.1
Project("{2150E333-8FDC-42A3-9474-1A3956D46DE8}") = "Domain", "Domain", "{60821C85-DCD8-467C-9E4E-40B7229B25CF}"
	ProjectSection(SolutionItems) = preProject
		API\Startup.cs = API\Startup.cs
	EndProjectSection
EndProject
Project("{FAE04EC0-301F-11D3-BF4B-00C04F79EFBC}") = "Domain", "Domain\Domain.csproj", "{83FC3163-5E17-4D22-B617-D0C83791F1E1}"
EndProject
Project("{2150E333-8FDC-42A3-9474-1A3956D46DE8}") = "Repository", "Repository", "{81325020-9629-4DDC-AFFE-A5DC3D6E7377}"
EndProject
Project("{FAE04EC0-301F-11D3-BF4B-00C04F79EFBC}") = "Data", "Data\Data.csproj", "{38977052-C83C-4B71-9E9E-0DA5D54D5B27}"
EndProject
Project("{2150E333-8FDC-42A3-9474-1A3956D46DE8}") = "Presontation", "Presontation", "{500F60F2-F0E1-44D4-83CA-AF09E7419965}"
EndProject
Project("{2150E333-8FDC-42A3-9474-1A3956D46DE8}") = "Application", "Application", "{FA1E8290-2952-4423-8C1D-7771A1A27B70}"
EndProject
Project("{FAE04EC0-301F-11D3-BF4B-00C04F79EFBC}") = "API", "API\API.csproj", "{625DB222-F5AC-4015-ADF6-A11932C474FA}"
EndProject
Project("{2150E333-8FDC-42A3-9474-1A3956D46DE8}") = "Test", "Test", "{C9187000-C9CF-4DE0-939E-E5D5FB81238F}"
EndProject
Project("{2150E333-8FDC-42A3-9474-1A3956D46DE8}") = "Domain", "Domain", "{9EE32E48-B81A-4160-9D5A-3376368D9870}"
EndProject
Project("{FAE04EC0-301F-11D3-BF4B-00C04F79EFBC}") = "DomainTest", "DomainTest\DomainTest.csproj", "{428F7872-02F9-421A-B5A7-4B31E55D2B3D}"
EndProject
Project("{FAE04EC0-301F-11D3-BF4B-00C04F79EFBC}") = "FakeRepository", "FakeRepository\FakeRepository.csproj", "{9326E6B0-5206-4A49-A42D-57821FCE64F6}"
EndProject
Project("{2150E333-8FDC-42A3-9474-1A3956D46DE8}") = "Data", "Data", "{3A42CE23-4C46-4616-8194-4113EF61A0CC}"
EndProject
Project("{FAE04EC0-301F-11D3-BF4B-00C04F79EFBC}") = "MVC", "MVC\MVC.csproj", "{1D8A31BE-4C51-4B8F-BBCC-67E241EF8771}"
EndProject
Global
	GlobalSection(SolutionConfigurationPlatforms) = preSolution
		Debug|Any CPU = Debug|Any CPU
		Release|Any CPU = Release|Any CPU
	EndGlobalSection
	GlobalSection(ProjectConfigurationPlatforms) = postSolution
		{83FC3163-5E17-4D22-B617-D0C83791F1E1}.Debug|Any CPU.ActiveCfg = Debug|Any CPU
		{83FC3163-5E17-4D22-B617-D0C83791F1E1}.Debug|Any CPU.Build.0 = Debug|Any CPU
		{83FC3163-5E17-4D22-B617-D0C83791F1E1}.Release|Any CPU.ActiveCfg = Release|Any CPU
		{83FC3163-5E17-4D22-B617-D0C83791F1E1}.Release|Any CPU.Build.0 = Release|Any CPU
		{38977052-C83C-4B71-9E9E-0DA5D54D5B27}.Debug|Any CPU.ActiveCfg = Debug|Any CPU
		{38977052-C83C-4B71-9E9E-0DA5D54D5B27}.Debug|Any CPU.Build.0 = Debug|Any CPU
		{38977052-C83C-4B71-9E9E-0DA5D54D5B27}.Release|Any CPU.ActiveCfg = Release|Any CPU
		{38977052-C83C-4B71-9E9E-0DA5D54D5B27}.Release|Any CPU.Build.0 = Release|Any CPU
		{625DB222-F5AC-4015-ADF6-A11932C474FA}.Debug|Any CPU.ActiveCfg = Debug|Any CPU
		{625DB222-F5AC-4015-ADF6-A11932C474FA}.Debug|Any CPU.Build.0 = Debug|Any CPU
		{625DB222-F5AC-4015-ADF6-A11932C474FA}.Release|Any CPU.ActiveCfg = Release|Any CPU
		{625DB222-F5AC-4015-ADF6-A11932C474FA}.Release|Any CPU.Build.0 = Release|Any CPU
		{428F7872-02F9-421A-B5A7-4B31E55D2B3D}.Debug|Any CPU.ActiveCfg = Debug|Any CPU
		{428F7872-02F9-421A-B5A7-4B31E55D2B3D}.Debug|Any CPU.Build.0 = Debug|Any CPU
		{428F7872-02F9-421A-B5A7-4B31E55D2B3D}.Release|Any CPU.ActiveCfg = Release|Any CPU
		{428F7872-02F9-421A-B5A7-4B31E55D2B3D}.Release|Any CPU.Build.0 = Release|Any CPU
		{9326E6B0-5206-4A49-A42D-57821FCE64F6}.Debug|Any CPU.ActiveCfg = Debug|Any CPU
		{9326E6B0-5206-4A49-A42D-57821FCE64F6}.Debug|Any CPU.Build.0 = Debug|Any CPU
		{9326E6B0-5206-4A49-A42D-57821FCE64F6}.Release|Any CPU.ActiveCfg = Release|Any CPU
		{9326E6B0-5206-4A49-A42D-57821FCE64F6}.Release|Any CPU.Build.0 = Release|Any CPU
		{1D8A31BE-4C51-4B8F-BBCC-67E241EF8771}.Debug|Any CPU.ActiveCfg = Debug|Any CPU
		{1D8A31BE-4C51-4B8F-BBCC-67E241EF8771}.Debug|Any CPU.Build.0 = Debug|Any CPU
		{1D8A31BE-4C51-4B8F-BBCC-67E241EF8771}.Release|Any CPU.ActiveCfg = Release|Any CPU
		{1D8A31BE-4C51-4B8F-BBCC-67E241EF8771}.Release|Any CPU.Build.0 = Release|Any CPU
	EndGlobalSection
	GlobalSection(SolutionProperties) = preSolution
		HideSolutionNode = FALSE
	EndGlobalSection
	GlobalSection(NestedProjects) = preSolution
		{83FC3163-5E17-4D22-B617-D0C83791F1E1} = {60821C85-DCD8-467C-9E4E-40B7229B25CF}
		{38977052-C83C-4B71-9E9E-0DA5D54D5B27} = {81325020-9629-4DDC-AFFE-A5DC3D6E7377}
		{625DB222-F5AC-4015-ADF6-A11932C474FA} = {FA1E8290-2952-4423-8C1D-7771A1A27B70}
		{9EE32E48-B81A-4160-9D5A-3376368D9870} = {C9187000-C9CF-4DE0-939E-E5D5FB81238F}
		{428F7872-02F9-421A-B5A7-4B31E55D2B3D} = {9EE32E48-B81A-4160-9D5A-3376368D9870}
		{9326E6B0-5206-4A49-A42D-57821FCE64F6} = {3A42CE23-4C46-4616-8194-4113EF61A0CC}
		{3A42CE23-4C46-4616-8194-4113EF61A0CC} = {C9187000-C9CF-4DE0-939E-E5D5FB81238F}
		{1D8A31BE-4C51-4B8F-BBCC-67E241EF8771} = {500F60F2-F0E1-44D4-83CA-AF09E7419965}
	EndGlobalSection
EndGlobal
